
Microsoft Visual Studio Solution File, Format Version 11.00
# Visual Studio 2010
Project("{FAE04EC0-301F-11D3-BF4B-00C04F79EFBC}") = "HackerRankTest", "HackerRankTest\HackerRankTest.csproj", "{ADC69518-7EB2-492A-9FB6-C207D043C40D}"
EndProject
Project("{FAE04EC0-301F-11D3-BF4B-00C04F79EFBC}") = "TestProject1", "TestProject1\TestProject1.csproj", "{924F4DA0-E487-4D4A-A04E-2D6826922776}"
EndProject
Project("{2150E333-8FDC-42A3-9474-1A3956D46DE8}") = "Solution Items", "Solution Items", "{E1D1D8DA-C969-4DD9-A380-67BB59B4B300}"
	ProjectSection(SolutionItems) = preProject
		HackerRankTest.vsmdi = HackerRankTest.vsmdi
		Local.testsettings = Local.testsettings
		TraceAndTestImpact.testsettings = TraceAndTestImpact.testsettings
	EndProjectSection
EndProject
Global
	GlobalSection(TestCaseManagementSettings) = postSolution
		CategoryFile = HackerRankTest.vsmdi
	EndGlobalSection
	GlobalSection(SolutionConfigurationPlatforms) = preSolution
		Debug|Any CPU = Debug|Any CPU
		Debug|Mixed Platforms = Debug|Mixed Platforms
		Debug|x86 = Debug|x86
		Release|Any CPU = Release|Any CPU
		Release|Mixed Platforms = Release|Mixed Platforms
		Release|x86 = Release|x86
	EndGlobalSection
	GlobalSection(ProjectConfigurationPlatforms) = postSolution
		{ADC69518-7EB2-492A-9FB6-C207D043C40D}.Debug|Any CPU.ActiveCfg = Debug|x86
		{ADC69518-7EB2-492A-9FB6-C207D043C40D}.Debug|Mixed Platforms.ActiveCfg = Debug|x86
		{ADC69518-7EB2-492A-9FB6-C207D043C40D}.Debug|Mixed Platforms.Build.0 = Debug|x86
		{ADC69518-7EB2-492A-9FB6-C207D043C40D}.Debug|x86.ActiveCfg = Debug|x86
		{ADC69518-7EB2-492A-9FB6-C207D043C40D}.Debug|x86.Build.0 = Debug|x86
		{ADC69518-7EB2-492A-9FB6-C207D043C40D}.Release|Any CPU.ActiveCfg = Release|x86
		{ADC69518-7EB2-492A-9FB6-C207D043C40D}.Release|Mixed Platforms.ActiveCfg = Release|x86
		{ADC69518-7EB2-492A-9FB6-C207D043C40D}.Release|Mixed Platforms.Build.0 = Release|x86
		{ADC69518-7EB2-492A-9FB6-C207D043C40D}.Release|x86.ActiveCfg = Release|x86
		{ADC69518-7EB2-492A-9FB6-C207D043C40D}.Release|x86.Build.0 = Release|x86
		{924F4DA0-E487-4D4A-A04E-2D6826922776}.Debug|Any CPU.ActiveCfg = Debug|Any CPU
		{924F4DA0-E487-4D4A-A04E-2D6826922776}.Debug|Any CPU.Build.0 = Debug|Any CPU
		{924F4DA0-E487-4D4A-A04E-2D6826922776}.Debug|Mixed Platforms.ActiveCfg = Debug|Any CPU
		{924F4DA0-E487-4D4A-A04E-2D6826922776}.Debug|Mixed Platforms.Build.0 = Debug|Any CPU
		{924F4DA0-E487-4D4A-A04E-2D6826922776}.Debug|x86.ActiveCfg = Debug|Any CPU
		{924F4DA0-E487-4D4A-A04E-2D6826922776}.Release|Any CPU.ActiveCfg = Release|Any CPU
		{924F4DA0-E487-4D4A-A04E-2D6826922776}.Release|Any CPU.Build.0 = Release|Any CPU
		{924F4DA0-E487-4D4A-A04E-2D6826922776}.Release|Mixed Platforms.ActiveCfg = Release|Any CPU
		{924F4DA0-E487-4D4A-A04E-2D6826922776}.Release|Mixed Platforms.Build.0 = Release|Any CPU
		{924F4DA0-E487-4D4A-A04E-2D6826922776}.Release|x86.ActiveCfg = Release|Any CPU
	EndGlobalSection
	GlobalSection(SolutionProperties) = preSolution
		HideSolutionNode = FALSE
	EndGlobalSection
EndGlobal
